{
  "name": "a-signal",
  "version": "2.2.3",
  "lockfileVersion": 2,
  "requires": true,
  "packages": {
    "": {
      "name": "a-signal",
      "version": "2.2.3",
      "license": "MIT",
      "devDependencies": {
        "test-a-bit": "^1.1.2"
      }
    },
    "node_modules/test-a-bit": {
      "version": "1.1.2",
      "resolved": "https://registry.npmjs.org/test-a-bit/-/test-a-bit-1.1.2.tgz",
      "integrity": "sha512-bo7ZGGugZqHShMLfgoZ9ET76uJ9kSwx5Fl9+UiYQRjDjvnvQIwnuSE1mW4+wqIBI0Zz5M6pXPmk+fl7X2LZemg==",
      "dev": true
    }
  },
  "dependencies": {
    "test-a-bit": {
      "version": "1.1.2",
      "resolved": "https://registry.npmjs.org/test-a-bit/-/test-a-bit-1.1.2.tgz",
      "integrity": "sha512-bo7ZGGugZqHShMLfgoZ9ET76uJ9kSwx5Fl9+UiYQRjDjvnvQIwnuSE1mW4+wqIBI0Zz5M6pXPmk+fl7X2LZemg==",
      "dev": true
    }
  }
}
