{
  "name": "example-des",
  "version": "1.0.0",
  "lockfileVersion": 1,
  "requires": true,
  "dependencies": {
    "ansi-regex": {
      "version": "3.0.0",
      "resolved": "https://registry.npmjs.org/ansi-regex/-/ansi-regex-3.0.0.tgz",
      "integrity": "sha1-7QMXwyIGT3lGbAKWa922Bas32Zg="
    },
    "clone": {
      "version": "1.0.4",
      "resolved": "https://registry.npmjs.org/clone/-/clone-1.0.4.tgz",
      "integrity": "sha1-2jCcwmPfFZlMaIypAheco8fNfH4=",
      "optional": true
    },
    "defaults": {
      "version": "1.0.3",
      "resolved": "https://registry.npmjs.org/defaults/-/defaults-1.0.3.tgz",
      "integrity": "sha1-xlYFHpgX2f8I7YgUd/P+QBnz730=",
      "optional": true,
      "requires": {
        "clone": "^1.0.2"
      }
    },
    "easy-table": {
      "version": "1.1.1",
      "resolved": "https://registry.npmjs.org/easy-table/-/easy-table-1.1.1.tgz",
      "integrity": "sha512-C9Lvm0WFcn2RgxbMnTbXZenMIWcBtkzMr+dWqq/JsVoGFSVUVlPqeOa5LP5kM0I3zoOazFpckOEb2/0LDFfToQ==",
      "requires": {
        "ansi-regex": "^3.0.0",
        "wcwidth": ">=1.0.1"
      }
    },
    "performance-measure": {
      "version": "1.0.3",
      "resolved": "https://registry.npmjs.org/performance-measure/-/performance-measure-1.0.3.tgz",
      "integrity": "sha512-RGM4zYHlVqD/ejryaWJODo37md1Y3DQNp9LLaHe5u/Ul1p82cbmEly2zNS+qmA+jxHTGw4C/0BUTgCJPVEuStQ==",
      "requires": {
        "easy-table": "^1.1.1",
        "summary": "^1.0.0"
      }
    },
    "summary": {
      "version": "1.0.0",
      "resolved": "https://registry.npmjs.org/summary/-/summary-1.0.0.tgz",
      "integrity": "sha512-fyNhvzNcD/aZlTup636VitB7gtl/3EveoBgQ7+6JXE64OSAM58963ivTR+p35oGnyx8cckZ56/y5gWnDBElfdg=="
    },
    "wcwidth": {
      "version": "1.0.1",
      "resolved": "https://registry.npmjs.org/wcwidth/-/wcwidth-1.0.1.tgz",
      "integrity": "sha1-8LDc+RW8X/FSivrbLA4XtTLaL+g=",
      "optional": true,
      "requires": {
        "defaults": "^1.0.3"
      }
    }
  }
}
